
Microsoft Visual Studio Solution File, Format Version 12.00
Project("{FAE04EC0-301F-11D3-BF4B-00C04F79EFBC}") = "hostingTest", "hostingTest\hostingTest.csproj", "{48039AB0-4EA9-406F-AEB4-80C30241C64E}"
EndProject
Project("{FAE04EC0-301F-11D3-BF4B-00C04F79EFBC}") = "hostingTest.PlaywrightTests", "hostingTest.PlaywrightTests\hostingTest.PlaywrightTests.csproj", "{51B912B8-B624-4A07-AEF8-5A99B0E95A61}"
EndProject
Global
	GlobalSection(SolutionConfigurationPlatforms) = preSolution
		Debug|Any CPU = Debug|Any CPU
		Release|Any CPU = Release|Any CPU
	EndGlobalSection
	GlobalSection(ProjectConfigurationPlatforms) = postSolution
		{48039AB0-4EA9-406F-AEB4-80C30241C64E}.Debug|Any CPU.ActiveCfg = Debug|Any CPU
		{48039AB0-4EA9-406F-AEB4-80C30241C64E}.Debug|Any CPU.Build.0 = Debug|Any CPU
		{48039AB0-4EA9-406F-AEB4-80C30241C64E}.Release|Any CPU.ActiveCfg = Release|Any CPU
		{48039AB0-4EA9-406F-AEB4-80C30241C64E}.Release|Any CPU.Build.0 = Release|Any CPU
		{51B912B8-B624-4A07-AEF8-5A99B0E95A61}.Debug|Any CPU.ActiveCfg = Debug|Any CPU
		{51B912B8-B624-4A07-AEF8-5A99B0E95A61}.Debug|Any CPU.Build.0 = Debug|Any CPU
		{51B912B8-B624-4A07-AEF8-5A99B0E95A61}.Release|Any CPU.ActiveCfg = Release|Any CPU
		{51B912B8-B624-4A07-AEF8-5A99B0E95A61}.Release|Any CPU.Build.0 = Release|Any CPU
	EndGlobalSection
EndGlobal
